Microsoft Visual Studio Solution File, Format Version 12.00
# Visual Studio Version 17
VisualStudioVersion = 17.13.35806.99
MinimumVisualStudioVersion = 10.0.40219.1
Project("{FAE04EC0-301F-11D3-BF4B-00C04F79EFBC}") = "WindowsFormsApp1", "WindowsFormsApp1\WindowsFormsApp1.csproj", "{8B50AEEA-9A35-4293-A487-3FB1BAD8D2D7}"
EndProject
Global
	GlobalSection(SolutionConfigurationPlatforms) = preSolution
		Debug|Any CPU = Debug|Any CPU
		Release|Any CPU = Release|Any CPU
	EndGlobalSection
	GlobalSection(ProjectConfigurationPlatforms) = postSolution
		{8B50AEEA-9A35-4293-A487-3FB1BAD8D2D7}.Debug|Any CPU.ActiveCfg = Debug|Any CPU
		{8B50AEEA-9A35-4293-A487-3FB1BAD8D2D7}.Debug|Any CPU.Build.0 = Debug|Any CPU
		{8B50AEEA-9A35-4293-A487-3FB1BAD8D2D7}.Release|Any CPU.ActiveCfg = Release|Any CPU
		{8B50AEEA-9A35-4293-A487-3FB1BAD8D2D7}.Release|Any CPU.Build.0 = Release|Any CPU
	EndGlobalSection
	GlobalSection(SolutionProperties) = preSolution
		HideSolutionNode = FALSE
	EndGlobalSection
	GlobalSection(ExtensibilityGlobals) = postSolution
		SolutionGuid = {7447FB6F-F583-43A1-A61D-E3EFA3B6971A}
	EndGlobalSection
EndGlobal
